
Microsoft Visual Studio Solution File, Format Version 12.00
# Visual Studio Version 17
VisualStudioVersion = 17.3.32901.215
MinimumVisualStudioVersion = 10.0.40219.1
Project("{FAE04EC0-301F-11D3-BF4B-00C04F79EFBC}") = "Northwind7", "Northwind7.csproj", "{1E177EFB-74AB-4260-BFD9-87FEECB3F702}"
EndProject
Global
	GlobalSection(SolutionConfigurationPlatforms) = preSolution
		Debug|Any CPU = Debug|Any CPU
		Release|Any CPU = Release|Any CPU
	EndGlobalSection
	GlobalSection(ProjectConfigurationPlatforms) = postSolution
		{1E177EFB-74AB-4260-BFD9-87FEECB3F702}.Debug|Any CPU.ActiveCfg = Debug|Any CPU
		{1E177EFB-74AB-4260-BFD9-87FEECB3F702}.Debug|Any CPU.Build.0 = Debug|Any CPU
		{1E177EFB-74AB-4260-BFD9-87FEECB3F702}.Release|Any CPU.ActiveCfg = Release|Any CPU
		{1E177EFB-74AB-4260-BFD9-87FEECB3F702}.Release|Any CPU.Build.0 = Release|Any CPU
	EndGlobalSection
	GlobalSection(SolutionProperties) = preSolution
		HideSolutionNode = FALSE
	EndGlobalSection
	GlobalSection(ExtensibilityGlobals) = postSolution
		SolutionGuid = {0DCAB64B-2598-4C0B-93EF-4BE9D0E05E82}
	EndGlobalSection
EndGlobal
